
Microsoft Visual Studio Solution File, Format Version 12.00
# Visual Studio Version 16
VisualStudioVersion = 16.0.30621.155
MinimumVisualStudioVersion = 10.0.40219.1
Project("{FAE04EC0-301F-11D3-BF4B-00C04F79EFBC}") = "Reminder", "Reminder\Reminder.csproj", "{BE68AD84-DE55-4CF1-85CC-AE9E09A58846}"
EndProject
Project("{FAE04EC0-301F-11D3-BF4B-00C04F79EFBC}") = "ReminderLibrary", "ReminderLibrary\ReminderLibrary.csproj", "{FE607705-8681-47D1-A8D2-86FC2F0750F3}"
EndProject
Project("{FAE04EC0-301F-11D3-BF4B-00C04F79EFBC}") = "ReminderUI", "ReminderUI\ReminderUI.csproj", "{3BB9D669-771C-4B89-87CA-CC30589FF0CA}"
EndProject
Project("{9A19103F-16F7-4668-BE54-9A1E7A4F7556}") = "OMDbWrapper", "OMDbWrapper\OMDbWrapper.csproj", "{898AA0F5-D6E3-44BC-8AD5-BD721A2A5B40}"
EndProject
Project("{9A19103F-16F7-4668-BE54-9A1E7A4F7556}") = "TheMovieDbWrapper", "TheMovieDbWrapper\TheMovieDbWrapper.csproj", "{64EEF758-376C-4784-A17E-6A9FBA1B6EBC}"
EndProject
Project("{FAE04EC0-301F-11D3-BF4B-00C04F79EFBC}") = "ReminderApp", "ReminderApp\ReminderApp.csproj", "{F0D89B7E-B134-474B-9D5D-0EFE7700D139}"
EndProject
Global
	GlobalSection(SolutionConfigurationPlatforms) = preSolution
		Debug|Any CPU = Debug|Any CPU
		Release|Any CPU = Release|Any CPU
	EndGlobalSection
	GlobalSection(ProjectConfigurationPlatforms) = postSolution
		{BE68AD84-DE55-4CF1-85CC-AE9E09A58846}.Debug|Any CPU.ActiveCfg = Debug|Any CPU
		{BE68AD84-DE55-4CF1-85CC-AE9E09A58846}.Debug|Any CPU.Build.0 = Debug|Any CPU
		{BE68AD84-DE55-4CF1-85CC-AE9E09A58846}.Release|Any CPU.ActiveCfg = Release|Any CPU
		{BE68AD84-DE55-4CF1-85CC-AE9E09A58846}.Release|Any CPU.Build.0 = Release|Any CPU
		{FE607705-8681-47D1-A8D2-86FC2F0750F3}.Debug|Any CPU.ActiveCfg = Debug|Any CPU
		{FE607705-8681-47D1-A8D2-86FC2F0750F3}.Debug|Any CPU.Build.0 = Debug|Any CPU
		{FE607705-8681-47D1-A8D2-86FC2F0750F3}.Release|Any CPU.ActiveCfg = Release|Any CPU
		{FE607705-8681-47D1-A8D2-86FC2F0750F3}.Release|Any CPU.Build.0 = Release|Any CPU
		{3BB9D669-771C-4B89-87CA-CC30589FF0CA}.Debug|Any CPU.ActiveCfg = Debug|Any CPU
		{3BB9D669-771C-4B89-87CA-CC30589FF0CA}.Debug|Any CPU.Build.0 = Debug|Any CPU
		{3BB9D669-771C-4B89-87CA-CC30589FF0CA}.Release|Any CPU.ActiveCfg = Release|Any CPU
		{3BB9D669-771C-4B89-87CA-CC30589FF0CA}.Release|Any CPU.Build.0 = Release|Any CPU
		{898AA0F5-D6E3-44BC-8AD5-BD721A2A5B40}.Debug|Any CPU.ActiveCfg = Debug|Any CPU
		{898AA0F5-D6E3-44BC-8AD5-BD721A2A5B40}.Debug|Any CPU.Build.0 = Debug|Any CPU
		{898AA0F5-D6E3-44BC-8AD5-BD721A2A5B40}.Release|Any CPU.ActiveCfg = Release|Any CPU
		{898AA0F5-D6E3-44BC-8AD5-BD721A2A5B40}.Release|Any CPU.Build.0 = Release|Any CPU
		{64EEF758-376C-4784-A17E-6A9FBA1B6EBC}.Debug|Any CPU.ActiveCfg = Debug|Any CPU
		{64EEF758-376C-4784-A17E-6A9FBA1B6EBC}.Debug|Any CPU.Build.0 = Debug|Any CPU
		{64EEF758-376C-4784-A17E-6A9FBA1B6EBC}.Release|Any CPU.ActiveCfg = Release|Any CPU
		{64EEF758-376C-4784-A17E-6A9FBA1B6EBC}.Release|Any CPU.Build.0 = Release|Any CPU
		{F0D89B7E-B134-474B-9D5D-0EFE7700D139}.Debug|Any CPU.ActiveCfg = Debug|Any CPU
		{F0D89B7E-B134-474B-9D5D-0EFE7700D139}.Debug|Any CPU.Build.0 = Debug|Any CPU
		{F0D89B7E-B134-474B-9D5D-0EFE7700D139}.Release|Any CPU.ActiveCfg = Release|Any CPU
		{F0D89B7E-B134-474B-9D5D-0EFE7700D139}.Release|Any CPU.Build.0 = Release|Any CPU
	EndGlobalSection
	GlobalSection(SolutionProperties) = preSolution
		HideSolutionNode = FALSE
	EndGlobalSection
	GlobalSection(ExtensibilityGlobals) = postSolution
		SolutionGuid = {87D5F2D5-BA28-43FF-81C3-BCE9C2AC71D5}
	EndGlobalSection
EndGlobal
